
Microsoft Visual Studio Solution File, Format Version 12.00
# Visual Studio 15
VisualStudioVersion = 15.0.27703.2042
MinimumVisualStudioVersion = 10.0.40219.1
Project("{9A19103F-16F7-4668-BE54-9A1E7A4F7556}") = "S5_L43_01", "S5_L43_01\S5_L43_01.csproj", "{26E6D2DE-0034-4805-B44D-003388BC8CD2}"
EndProject
Project("{9A19103F-16F7-4668-BE54-9A1E7A4F7556}") = "S5_L43_02", "S5_L43_02\S5_L43_02.csproj", "{F986E9BD-0531-4ED9-B243-438CA1235F65}"
EndProject
Project("{9A19103F-16F7-4668-BE54-9A1E7A4F7556}") = "S5_L43_03", "S5_L43_03\S5_L43_03.csproj", "{65F40531-DF8E-4E5A-8BC4-88D996E41DCE}"
EndProject
Project("{9A19103F-16F7-4668-BE54-9A1E7A4F7556}") = "S5_L43_04", "S5_L43_04\S5_L43_04.csproj", "{99C9A515-97D0-4B24-B647-2F77466D0940}"
EndProject
Project("{9A19103F-16F7-4668-BE54-9A1E7A4F7556}") = "S5_L49_01", "S5_L49_01\S5_L49_01.csproj", "{F35969CD-3765-498A-BB6A-5B99E0242A19}"
EndProject
Project("{9A19103F-16F7-4668-BE54-9A1E7A4F7556}") = "S5_L49_02", "S5_L49_02\S5_L49_02.csproj", "{DFC6959A-F7A7-4CD6-A267-820E400F4854}"
EndProject
Project("{9A19103F-16F7-4668-BE54-9A1E7A4F7556}") = "S5_L49_03", "S5_L49_03\S5_L49_03.csproj", "{38712096-9DD8-4F38-B8AE-A77A93D725DE}"
EndProject
Project("{9A19103F-16F7-4668-BE54-9A1E7A4F7556}") = "S5_L49_04", "S5_L49_04\S5_L49_04.csproj", "{1468653C-DFA3-4ED4-A85B-E77870118DE3}"
EndProject
Project("{9A19103F-16F7-4668-BE54-9A1E7A4F7556}") = "S5_L49_05", "S5_L49_05\S5_L49_05.csproj", "{D5A8DC2E-38B1-472A-AD93-510863C37122}"
EndProject
Project("{2150E333-8FDC-42A3-9474-1A3956D46DE8}") = "Solution Items", "Solution Items", "{87C61DD8-4C96-4B6B-9E80-5825DE321445}"
	ProjectSection(SolutionItems) = preProject
		README.md = README.md
	EndProjectSection
EndProject
Project("{9A19103F-16F7-4668-BE54-9A1E7A4F7556}") = "S6_L56_01", "S6_L56_01\S6_L56_01.csproj", "{CD014069-2D31-4779-890D-700D6DD0BC15}"
EndProject
Project("{9A19103F-16F7-4668-BE54-9A1E7A4F7556}") = "S6_L56_02", "S6_L56_02\S6_L56_02.csproj", "{AB910BBF-70CB-4C3D-A3DC-386EB7FB90D6}"
EndProject
Project("{9A19103F-16F7-4668-BE54-9A1E7A4F7556}") = "S6_L56_03", "S6_L56_03\S6_L56_03.csproj", "{F7979D70-61D7-4562-975F-210D8606103B}"
EndProject
Project("{9A19103F-16F7-4668-BE54-9A1E7A4F7556}") = "S6_L56_04", "S6_L56_04\S6_L56_04.csproj", "{B81CD03E-B5C9-4C17-849C-ED475122DFA7}"
EndProject
Project("{9A19103F-16F7-4668-BE54-9A1E7A4F7556}") = "S6_L56_05", "S6_L56_05\S6_L56_05.csproj", "{B7746C83-B38A-4902-892C-4570F1D55BF1}"
EndProject
Project("{FAE04EC0-301F-11D3-BF4B-00C04F79EFBC}") = "S8_L67_01", "S8_L67_01\S8_L67_01.csproj", "{6C2D5E27-ABCD-43A0-A92C-AB7715DB08E8}"
EndProject
Project("{FAE04EC0-301F-11D3-BF4B-00C04F79EFBC}") = "S8_L67_02", "S8_L67_02\S8_L67_02.csproj", "{6026AA12-AE93-43A8-8D7F-87F6165E5715}"
EndProject
Global
	GlobalSection(SolutionConfigurationPlatforms) = preSolution
		Debug|Any CPU = Debug|Any CPU
		Release|Any CPU = Release|Any CPU
	EndGlobalSection
	GlobalSection(ProjectConfigurationPlatforms) = postSolution
		{26E6D2DE-0034-4805-B44D-003388BC8CD2}.Debug|Any CPU.ActiveCfg = Debug|Any CPU
		{26E6D2DE-0034-4805-B44D-003388BC8CD2}.Debug|Any CPU.Build.0 = Debug|Any CPU
		{26E6D2DE-0034-4805-B44D-003388BC8CD2}.Release|Any CPU.ActiveCfg = Release|Any CPU
		{26E6D2DE-0034-4805-B44D-003388BC8CD2}.Release|Any CPU.Build.0 = Release|Any CPU
		{F986E9BD-0531-4ED9-B243-438CA1235F65}.Debug|Any CPU.ActiveCfg = Debug|Any CPU
		{F986E9BD-0531-4ED9-B243-438CA1235F65}.Debug|Any CPU.Build.0 = Debug|Any CPU
		{F986E9BD-0531-4ED9-B243-438CA1235F65}.Release|Any CPU.ActiveCfg = Release|Any CPU
		{F986E9BD-0531-4ED9-B243-438CA1235F65}.Release|Any CPU.Build.0 = Release|Any CPU
		{65F40531-DF8E-4E5A-8BC4-88D996E41DCE}.Debug|Any CPU.ActiveCfg = Debug|Any CPU
		{65F40531-DF8E-4E5A-8BC4-88D996E41DCE}.Debug|Any CPU.Build.0 = Debug|Any CPU
		{65F40531-DF8E-4E5A-8BC4-88D996E41DCE}.Release|Any CPU.ActiveCfg = Release|Any CPU
		{65F40531-DF8E-4E5A-8BC4-88D996E41DCE}.Release|Any CPU.Build.0 = Release|Any CPU
		{99C9A515-97D0-4B24-B647-2F77466D0940}.Debug|Any CPU.ActiveCfg = Debug|Any CPU
		{99C9A515-97D0-4B24-B647-2F77466D0940}.Debug|Any CPU.Build.0 = Debug|Any CPU
		{99C9A515-97D0-4B24-B647-2F77466D0940}.Release|Any CPU.ActiveCfg = Release|Any CPU
		{99C9A515-97D0-4B24-B647-2F77466D0940}.Release|Any CPU.Build.0 = Release|Any CPU
		{F35969CD-3765-498A-BB6A-5B99E0242A19}.Debug|Any CPU.ActiveCfg = Debug|Any CPU
		{F35969CD-3765-498A-BB6A-5B99E0242A19}.Debug|Any CPU.Build.0 = Debug|Any CPU
		{F35969CD-3765-498A-BB6A-5B99E0242A19}.Release|Any CPU.ActiveCfg = Release|Any CPU
		{F35969CD-3765-498A-BB6A-5B99E0242A19}.Release|Any CPU.Build.0 = Release|Any CPU
		{DFC6959A-F7A7-4CD6-A267-820E400F4854}.Debug|Any CPU.ActiveCfg = Debug|Any CPU
		{DFC6959A-F7A7-4CD6-A267-820E400F4854}.Debug|Any CPU.Build.0 = Debug|Any CPU
		{DFC6959A-F7A7-4CD6-A267-820E400F4854}.Release|Any CPU.ActiveCfg = Release|Any CPU
		{DFC6959A-F7A7-4CD6-A267-820E400F4854}.Release|Any CPU.Build.0 = Release|Any CPU
		{38712096-9DD8-4F38-B8AE-A77A93D725DE}.Debug|Any CPU.ActiveCfg = Debug|Any CPU
		{38712096-9DD8-4F38-B8AE-A77A93D725DE}.Debug|Any CPU.Build.0 = Debug|Any CPU
		{38712096-9DD8-4F38-B8AE-A77A93D725DE}.Release|Any CPU.ActiveCfg = Release|Any CPU
		{38712096-9DD8-4F38-B8AE-A77A93D725DE}.Release|Any CPU.Build.0 = Release|Any CPU
		{1468653C-DFA3-4ED4-A85B-E77870118DE3}.Debug|Any CPU.ActiveCfg = Debug|Any CPU
		{1468653C-DFA3-4ED4-A85B-E77870118DE3}.Debug|Any CPU.Build.0 = Debug|Any CPU
		{1468653C-DFA3-4ED4-A85B-E77870118DE3}.Release|Any CPU.ActiveCfg = Release|Any CPU
		{1468653C-DFA3-4ED4-A85B-E77870118DE3}.Release|Any CPU.Build.0 = Release|Any CPU
		{D5A8DC2E-38B1-472A-AD93-510863C37122}.Debug|Any CPU.ActiveCfg = Debug|Any CPU
		{D5A8DC2E-38B1-472A-AD93-510863C37122}.Debug|Any CPU.Build.0 = Debug|Any CPU
		{D5A8DC2E-38B1-472A-AD93-510863C37122}.Release|Any CPU.ActiveCfg = Release|Any CPU
		{D5A8DC2E-38B1-472A-AD93-510863C37122}.Release|Any CPU.Build.0 = Release|Any CPU
		{CD014069-2D31-4779-890D-700D6DD0BC15}.Debug|Any CPU.ActiveCfg = Debug|Any CPU
		{CD014069-2D31-4779-890D-700D6DD0BC15}.Debug|Any CPU.Build.0 = Debug|Any CPU
		{CD014069-2D31-4779-890D-700D6DD0BC15}.Release|Any CPU.ActiveCfg = Release|Any CPU
		{CD014069-2D31-4779-890D-700D6DD0BC15}.Release|Any CPU.Build.0 = Release|Any CPU
		{AB910BBF-70CB-4C3D-A3DC-386EB7FB90D6}.Debug|Any CPU.ActiveCfg = Debug|Any CPU
		{AB910BBF-70CB-4C3D-A3DC-386EB7FB90D6}.Debug|Any CPU.Build.0 = Debug|Any CPU
		{AB910BBF-70CB-4C3D-A3DC-386EB7FB90D6}.Release|Any CPU.ActiveCfg = Release|Any CPU
		{AB910BBF-70CB-4C3D-A3DC-386EB7FB90D6}.Release|Any CPU.Build.0 = Release|Any CPU
		{F7979D70-61D7-4562-975F-210D8606103B}.Debug|Any CPU.ActiveCfg = Debug|Any CPU
		{F7979D70-61D7-4562-975F-210D8606103B}.Debug|Any CPU.Build.0 = Debug|Any CPU
		{F7979D70-61D7-4562-975F-210D8606103B}.Release|Any CPU.ActiveCfg = Release|Any CPU
		{F7979D70-61D7-4562-975F-210D8606103B}.Release|Any CPU.Build.0 = Release|Any CPU
		{B81CD03E-B5C9-4C17-849C-ED475122DFA7}.Debug|Any CPU.ActiveCfg = Debug|Any CPU
		{B81CD03E-B5C9-4C17-849C-ED475122DFA7}.Debug|Any CPU.Build.0 = Debug|Any CPU
		{B81CD03E-B5C9-4C17-849C-ED475122DFA7}.Release|Any CPU.ActiveCfg = Release|Any CPU
		{B81CD03E-B5C9-4C17-849C-ED475122DFA7}.Release|Any CPU.Build.0 = Release|Any CPU
		{B7746C83-B38A-4902-892C-4570F1D55BF1}.Debug|Any CPU.ActiveCfg = Debug|Any CPU
		{B7746C83-B38A-4902-892C-4570F1D55BF1}.Debug|Any CPU.Build.0 = Debug|Any CPU
		{B7746C83-B38A-4902-892C-4570F1D55BF1}.Release|Any CPU.ActiveCfg = Release|Any CPU
		{B7746C83-B38A-4902-892C-4570F1D55BF1}.Release|Any CPU.Build.0 = Release|Any CPU
		{6C2D5E27-ABCD-43A0-A92C-AB7715DB08E8}.Debug|Any CPU.ActiveCfg = Debug|Any CPU
		{6C2D5E27-ABCD-43A0-A92C-AB7715DB08E8}.Debug|Any CPU.Build.0 = Debug|Any CPU
		{6C2D5E27-ABCD-43A0-A92C-AB7715DB08E8}.Release|Any CPU.ActiveCfg = Release|Any CPU
		{6C2D5E27-ABCD-43A0-A92C-AB7715DB08E8}.Release|Any CPU.Build.0 = Release|Any CPU
		{6026AA12-AE93-43A8-8D7F-87F6165E5715}.Debug|Any CPU.ActiveCfg = Debug|Any CPU
		{6026AA12-AE93-43A8-8D7F-87F6165E5715}.Debug|Any CPU.Build.0 = Debug|Any CPU
		{6026AA12-AE93-43A8-8D7F-87F6165E5715}.Release|Any CPU.ActiveCfg = Release|Any CPU
		{6026AA12-AE93-43A8-8D7F-87F6165E5715}.Release|Any CPU.Build.0 = Release|Any CPU
	EndGlobalSection
	GlobalSection(SolutionProperties) = preSolution
		HideSolutionNode = FALSE
	EndGlobalSection
	GlobalSection(ExtensibilityGlobals) = postSolution
		SolutionGuid = {088E4D35-DD8C-493C-B3D7-0DA95E122478}
	EndGlobalSection
EndGlobal
